// !$*UTF8*$!
{
	archiveVersion = 1;
	classes = {
	};
	objectVersion = 56;
	objects = {

/* Begin PBXBuildFile section */
		CF3DDBFC29DD934900501158 /* combineRxApp.swift in Sources */ = {isa = PBXBuildFile; fileRef = CF3DDBFB29DD934900501158 /* combineRxApp.swift */; };
		CF3DDBFE29DD934900501158 /* ContentView.swift in Sources */ = {isa = PBXBuildFile; fileRef = CF3DDBFD29DD934900501158 /* ContentView.swift */; };
		CF3DDC0029DD934A00501158 /* Assets.xcassets in Resources */ = {isa = PBXBuildFile; fileRef = CF3DDBFF29DD934A00501158 /* Assets.xcassets */; };
		CF3DDC0329DD934A00501158 /* Preview Assets.xcassets in Resources */ = {isa = PBXBuildFile; fileRef = CF3DDC0229DD934A00501158 /* Preview Assets.xcassets */; };
		CFE9B50B29DD978F0088B31A /* Network.swift in Sources */ = {isa = PBXBuildFile; fileRef = CFE9B50A29DD978F0088B31A /* Network.swift */; };
		CFE9B50D29DD97C90088B31A /* WeatherStructure.swift in Sources */ = {isa = PBXBuildFile; fileRef = CFE9B50C29DD97C90088B31A /* WeatherStructure.swift */; };
		CFE9B50F29DD98100088B31A /* ViewModel.swift in Sources */ = {isa = PBXBuildFile; fileRef = CFE9B50E29DD98100088B31A /* ViewModel.swift */; };
		E1D8369F305AC93E040CC996 /* Pods_combineRx.framework in Frameworks */ = {isa = PBXBuildFile; fileRef = EF39C998CA6796F9EC86515B /* Pods_combineRx.framework */; };
/* End PBXBuildFile section */

/* Begin PBXFileReference section */
		C434B6CEED9D5F9545C89B09 /* Pods-combineRx.release.xcconfig */ = {isa = PBXFileReference; includeInIndex = 1; lastKnownFileType = text.xcconfig; name = "Pods-combineRx.release.xcconfig"; path = "Target Support Files/Pods-combineRx/Pods-combineRx.release.xcconfig"; sourceTree = "<group>"; };
		CF3DDBF829DD934900501158 /* combineRx.app */ = {isa = PBXFileReference; explicitFileType = wrapper.application; includeInIndex = 0; path = combineRx.app; sourceTree = BUILT_PRODUCTS_DIR; };
		CF3DDBFB29DD934900501158 /* combineRxApp.swift */ = {isa = PBXFileReference; lastKnownFileType = sourcecode.swift; path = combineRxApp.swift; sourceTree = "<group>"; };
		CF3DDBFD29DD934900501158 /* ContentView.swift */ = {isa = PBXFileReference; lastKnownFileType = sourcecode.swift; path = ContentView.swift; sourceTree = "<group>"; };
		CF3DDBFF29DD934A00501158 /* Assets.xcassets */ = {isa = PBXFileReference; lastKnownFileType = folder.assetcatalog; path = Assets.xcassets; sourceTree = "<group>"; };
		CF3DDC0229DD934A00501158 /* Preview Assets.xcassets */ = {isa = PBXFileReference; lastKnownFileType = folder.assetcatalog; path = "Preview Assets.xcassets"; sourceTree = "<group>"; };
		CF47B7A32A7A778900B7ADA0 /* combineRx.entitlements */ = {isa = PBXFileReference; lastKnownFileType = text.plist.entitlements; path = combineRx.entitlements; sourceTree = "<group>"; };
		CFE9B50A29DD978F0088B31A /* Network.swift */ = {isa = PBXFileReference; lastKnownFileType = sourcecode.swift; path = Network.swift; sourceTree = "<group>"; };
		CFE9B50C29DD97C90088B31A /* WeatherStructure.swift */ = {isa = PBXFileReference; lastKnownFileType = sourcecode.swift; path = WeatherStructure.swift; sourceTree = "<group>"; };
		CFE9B50E29DD98100088B31A /* ViewModel.swift */ = {isa = PBXFileReference; lastKnownFileType = sourcecode.swift; path = ViewModel.swift; sourceTree = "<group>"; };
		DDD4A31BFCF2096DFD6F9AB1 /* Pods-combineRx.debug.xcconfig */ = {isa = PBXFileReference; includeInIndex = 1; lastKnownFileType = text.xcconfig; name = "Pods-combineRx.debug.xcconfig"; path = "Target Support Files/Pods-combineRx/Pods-combineRx.debug.xcconfig"; sourceTree = "<group>"; };
		EF39C998CA6796F9EC86515B /* Pods_combineRx.framework */ = {isa = PBXFileReference; explicitFileType = wrapper.framework; includeInIndex = 0; path = Pods_combineRx.framework; sourceTree = BUILT_PRODUCTS_DIR; };
/* End PBXFileReference section */

/* Begin PBXFrameworksBuildPhase section */
		CF3DDBF529DD934900501158 /* Frameworks */ = {
			isa = PBXFrameworksBuildPhase;
			buildActionMask = 2147483647;
			files = (
				E1D8369F305AC93E040CC996 /* Pods_combineRx.framework in Frameworks */,
			);
			runOnlyForDeploymentPostprocessing = 0;
		};
/* End PBXFrameworksBuildPhase section */

/* Begin PBXGroup section */
		93AB1DF48F2D7E308BF3F804 /* Pods */ = {
			isa = PBXGroup;
			children = (
				DDD4A31BFCF2096DFD6F9AB1 /* Pods-combineRx.debug.xcconfig */,
				C434B6CEED9D5F9545C89B09 /* Pods-combineRx.release.xcconfig */,
			);
			path = Pods;
			sourceTree = "<group>";
		};
		9822EE1ED9F12ABE36C4C301 /* Frameworks */ = {
			isa = PBXGroup;
			children = (
				EF39C998CA6796F9EC86515B /* Pods_combineRx.framework */,
			);
			name = Frameworks;
			sourceTree = "<group>";
		};
		CF3DDBEF29DD934900501158 = {
			isa = PBXGroup;
			children = (
				CF3DDBFA29DD934900501158 /* combineRx */,
				CF3DDBF929DD934900501158 /* Products */,
				93AB1DF48F2D7E308BF3F804 /* Pods */,
				9822EE1ED9F12ABE36C4C301 /* Frameworks */,
			);
			sourceTree = "<group>";
		};
		CF3DDBF929DD934900501158 /* Products */ = {
			isa = PBXGroup;
			children = (
				CF3DDBF829DD934900501158 /* combineRx.app */,
			);
			name = Products;
			sourceTree = "<group>";
		};
		CF3DDBFA29DD934900501158 /* combineRx */ = {
			isa = PBXGroup;
			children = (
				CF47B7A32A7A778900B7ADA0 /* combineRx.entitlements */,
				CF3DDBFB29DD934900501158 /* combineRxApp.swift */,
				CF3DDBFD29DD934900501158 /* ContentView.swift */,
				CFE9B50E29DD98100088B31A /* ViewModel.swift */,
				CF3DDBFF29DD934A00501158 /* Assets.xcassets */,
				CF3DDC0129DD934A00501158 /* Preview Content */,
				CFE9B50A29DD978F0088B31A /* Network.swift */,
				CFE9B50C29DD97C90088B31A /* WeatherStructure.swift */,
			);
			path = combineRx;
			sourceTree = "<group>";
		};
		CF3DDC0129DD934A00501158 /* Preview Content */ = {
			isa = PBXGroup;
			children = (
				CF3DDC0229DD934A00501158 /* Preview Assets.xcassets */,
			);
			path = "Preview Content";
			sourceTree = "<group>";
		};
/* End PBXGroup section */

/* Begin PBXNativeTarget section */
		CF3DDBF729DD934900501158 /* combineRx */ = {
			isa = PBXNativeTarget;
			buildConfigurationList = CF3DDC0629DD934A00501158 /* Build configuration list for PBXNativeTarget "combineRx" */;
			buildPhases = (
				6D80A96B06E843172F39961C /* [CP] Check Pods Manifest.lock */,
				CF3DDBF429DD934900501158 /* Sources */,
				CF3DDBF529DD934900501158 /* Frameworks */,
				CF3DDBF629DD934900501158 /* Resources */,
				78ECA5AE2D9D47869E4DF87D /* [CP] Embed Pods Frameworks */,
			);
			buildRules = (
			);
			dependencies = (
			);
			name = combineRx;
			productName = combineRx;
			productReference = CF3DDBF829DD934900501158 /* combineRx.app */;
			productType = "com.apple.product-type.application";
		};
/* End PBXNativeTarget section */

/* Begin PBXProject section */
		CF3DDBF029DD934900501158 /* Project object */ = {
			isa = PBXProject;
			attributes = {
				BuildIndependentTargetsInParallel = 1;
				LastSwiftUpdateCheck = 1430;
				LastUpgradeCheck = 1430;
				TargetAttributes = {
					CF3DDBF729DD934900501158 = {
						CreatedOnToolsVersion = 14.3;
					};
				};
			};
			buildConfigurationList = CF3DDBF329DD934900501158 /* Build configuration list for PBXProject "combineRx" */;
			compatibilityVersion = "Xcode 14.0";
			developmentRegion = en;
			hasScannedForEncodings = 0;
			knownRegions = (
				en,
				Base,
			);
			mainGroup = CF3DDBEF29DD934900501158;
			productRefGroup = CF3DDBF929DD934900501158 /* Products */;
			projectDirPath = "";
			projectRoot = "";
			targets = (
				CF3DDBF729DD934900501158 /* combineRx */,
			);
		};
/* End PBXProject section */

/* Begin PBXResourcesBuildPhase section */
		CF3DDBF629DD934900501158 /* Resources */ = {
			isa = PBXResourcesBuildPhase;
			buildActionMask = 2147483647;
			files = (
				CF3DDC0329DD934A00501158 /* Preview Assets.xcassets in Resources */,
				CF3DDC0029DD934A00501158 /* Assets.xcassets in Resources */,
			);
			runOnlyForDeploymentPostprocessing = 0;
		};
/* End PBXResourcesBuildPhase section */

/* Begin PBXShellScriptBuildPhase section */
		6D80A96B06E843172F39961C /* [CP] Check Pods Manifest.lock */ = {
			isa = PBXShellScriptBuildPhase;
			buildActionMask = 2147483647;
			files = (
			);
			inputFileListPaths = (
			);
			inputPaths = (
				"${PODS_PODFILE_DIR_PATH}/Podfile.lock",
				"${PODS_ROOT}/Manifest.lock",
			);
			name = "[CP] Check Pods Manifest.lock";
			outputFileListPaths = (
			);
			outputPaths = (
				"$(DERIVED_FILE_DIR)/Pods-combineRx-checkManifestLockResult.txt",
			);
			runOnlyForDeploymentPostprocessing = 0;
			shellPath = /bin/sh;
			shellScript = "diff \"${PODS_PODFILE_DIR_PATH}/Podfile.lock\" \"${PODS_ROOT}/Manifest.lock\" > /dev/null\nif [ $? != 0 ] ; then\n    # print error to STDERR\n    echo \"error: The sandbox is not in sync with the Podfile.lock. Run 'pod install' or update your CocoaPods installation.\" >&2\n    exit 1\nfi\n# This output is used by Xcode 'outputs' to avoid re-running this script phase.\necho \"SUCCESS\" > \"${SCRIPT_OUTPUT_FILE_0}\"\n";
			showEnvVarsInLog = 0;
		};
		78ECA5AE2D9D47869E4DF87D /* [CP] Embed Pods Frameworks */ = {
			isa = PBXShellScriptBuildPhase;
			buildActionMask = 2147483647;
			files = (
			);
			inputFileListPaths = (
				"${PODS_ROOT}/Target Support Files/Pods-combineRx/Pods-combineRx-frameworks-${CONFIGURATION}-input-files.xcfilelist",
			);
			name = "[CP] Embed Pods Frameworks";
			outputFileListPaths = (
				"${PODS_ROOT}/Target Support Files/Pods-combineRx/Pods-combineRx-frameworks-${CONFIGURATION}-output-files.xcfilelist",
			);
			runOnlyForDeploymentPostprocessing = 0;
			shellPath = /bin/sh;
			shellScript = "\"${PODS_ROOT}/Target Support Files/Pods-combineRx/Pods-combineRx-frameworks.sh\"\n";
			showEnvVarsInLog = 0;
		};
/* End PBXShellScriptBuildPhase section */

/* Begin PBXSourcesBuildPhase section */
		CF3DDBF429DD934900501158 /* Sources */ = {
			isa = PBXSourcesBuildPhase;
			buildActionMask = 2147483647;
			files = (
				CFE9B50F29DD98100088B31A /* ViewModel.swift in Sources */,
				CF3DDBFE29DD934900501158 /* ContentView.swift in Sources */,
				CF3DDBFC29DD934900501158 /* combineRxApp.swift in Sources */,
				CFE9B50D29DD97C90088B31A /* WeatherStructure.swift in Sources */,
				CFE9B50B29DD978F0088B31A /* Network.swift in Sources */,
			);
			runOnlyForDeploymentPostprocessing = 0;
		};
/* End PBXSourcesBuildPhase section */

/* Begin XCBuildConfiguration section */
		CF3DDC0429DD934A00501158 /* Debug */ = {
			isa = XCBuildConfiguration;
			buildSettings = {
				ALWAYS_SEARCH_USER_PATHS = NO;
				CLANG_ANALYZER_NONNULL = YES;
				CLANG_ANALYZER_NUMBER_OBJECT_CONVERSION = YES_AGGRESSIVE;
				CLANG_CXX_LANGUAGE_STANDARD = "gnu++20";
				CLANG_ENABLE_MODULES = YES;
				CLANG_ENABLE_OBJC_ARC = YES;
				CLANG_ENABLE_OBJC_WEAK = YES;
				CLANG_WARN_BLOCK_CAPTURE_AUTORELEASING = YES;
				CLANG_WARN_BOOL_CONVERSION = YES;
				CLANG_WARN_COMMA = YES;
				CLANG_WARN_CONSTANT_CONVERSION = YES;
				CLANG_WARN_DEPRECATED_OBJC_IMPLEMENTATIONS = YES;
				CLANG_WARN_DIRECT_OBJC_ISA_USAGE = YES_ERROR;
				CLANG_WARN_DOCUMENTATION_COMMENTS = YES;
				CLANG_WARN_EMPTY_BODY = YES;
				CLANG_WARN_ENUM_CONVERSION = YES;
				CLANG_WARN_INFINITE_RECURSION = YES;
				CLANG_WARN_INT_CONVERSION = YES;
				CLANG_WARN_NON_LITERAL_NULL_CONVERSION = YES;
				CLANG_WARN_OBJC_IMPLICIT_RETAIN_SELF = YES;
				CLANG_WARN_OBJC_LITERAL_CONVERSION = YES;
				CLANG_WARN_OBJC_ROOT_CLASS = YES_ERROR;
				CLANG_WARN_QUOTED_INCLUDE_IN_FRAMEWORK_HEADER = YES;
				CLANG_WARN_RANGE_LOOP_ANALYSIS = YES;
				CLANG_WARN_STRICT_PROTOTYPES = YES;
				CLANG_WARN_SUSPICIOUS_MOVE = YES;
				CLANG_WARN_UNGUARDED_AVAILABILITY = YES_AGGRESSIVE;
				CLANG_WARN_UNREACHABLE_CODE = YES;
				CLANG_WARN__DUPLICATE_METHOD_MATCH = YES;
				COPY_PHASE_STRIP = NO;
				DEBUG_INFORMATION_FORMAT = dwarf;
				ENABLE_STRICT_OBJC_MSGSEND = YES;
				ENABLE_TESTABILITY = YES;
				GCC_C_LANGUAGE_STANDARD = gnu11;
				GCC_DYNAMIC_NO_PIC = NO;
				GCC_NO_COMMON_BLOCKS = YES;
				GCC_OPTIMIZATION_LEVEL = 0;
				GCC_PREPROCESSOR_DEFINITIONS = (
					"DEBUG=1",
					"$(inherited)",
				);
				GCC_WARN_64_TO_32_BIT_CONVERSION = YES;
				GCC_WARN_ABOUT_RETURN_TYPE = YES_ERROR;
				GCC_WARN_UNDECLARED_SELECTOR = YES;
				GCC_WARN_UNINITIALIZED_AUTOS = YES_AGGRESSIVE;
				GCC_WARN_UNUSED_FUNCTION = YES;
				GCC_WARN_UNUSED_VARIABLE = YES;
				IPHONEOS_DEPLOYMENT_TARGET = 16.4;
				MTL_ENABLE_DEBUG_INFO = INCLUDE_SOURCE;
				MTL_FAST_MATH = YES;
				ONLY_ACTIVE_ARCH = YES;
				SDKROOT = iphoneos;
				SWIFT_ACTIVE_COMPILATION_CONDITIONS = DEBUG;
				SWIFT_OPTIMIZATION_LEVEL = "-Onone";
			};
			name = Debug;
		};
		CF3DDC0529DD934A00501158 /* Release */ = {
			isa = XCBuildConfiguration;
			buildSettings = {
				ALWAYS_SEARCH_USER_PATHS = NO;
				CLANG_ANALYZER_NONNULL = YES;
				CLANG_ANALYZER_NUMBER_OBJECT_CONVERSION = YES_AGGRESSIVE;
				CLANG_CXX_LANGUAGE_STANDARD = "gnu++20";
				CLANG_ENABLE_MODULES = YES;
				CLANG_ENABLE_OBJC_ARC = YES;
				CLANG_ENABLE_OBJC_WEAK = YES;
				CLANG_WARN_BLOCK_CAPTURE_AUTORELEASING = YES;
				CLANG_WARN_BOOL_CONVERSION = YES;
				CLANG_WARN_COMMA = YES;
				CLANG_WARN_CONSTANT_CONVERSION = YES;
				CLANG_WARN_DEPRECATED_OBJC_IMPLEMENTATIONS = YES;
				CLANG_WARN_DIRECT_OBJC_ISA_USAGE = YES_ERROR;
				CLANG_WARN_DOCUMENTATION_COMMENTS = YES;
				CLANG_WARN_EMPTY_BODY = YES;
				CLANG_WARN_ENUM_CONVERSION = YES;
				CLANG_WARN_INFINITE_RECURSION = YES;
				CLANG_WARN_INT_CONVERSION = YES;
				CLANG_WARN_NON_LITERAL_NULL_CONVERSION = YES;
				CLANG_WARN_OBJC_IMPLICIT_RETAIN_SELF = YES;
				CLANG_WARN_OBJC_LITERAL_CONVERSION = YES;
				CLANG_WARN_OBJC_ROOT_CLASS = YES_ERROR;
				CLANG_WARN_QUOTED_INCLUDE_IN_FRAMEWORK_HEADER = YES;
				CLANG_WARN_RANGE_LOOP_ANALYSIS = YES;
				CLANG_WARN_STRICT_PROTOTYPES = YES;
				CLANG_WARN_SUSPICIOUS_MOVE = YES;
				CLANG_WARN_UNGUARDED_AVAILABILITY = YES_AGGRESSIVE;
				CLANG_WARN_UNREACHABLE_CODE = YES;
				CLANG_WARN__DUPLICATE_METHOD_MATCH = YES;
				COPY_PHASE_STRIP = NO;
				DEBUG_INFORMATION_FORMAT = "dwarf-with-dsym";
				ENABLE_NS_ASSERTIONS = NO;
				ENABLE_STRICT_OBJC_MSGSEND = YES;
				GCC_C_LANGUAGE_STANDARD = gnu11;
				GCC_NO_COMMON_BLOCKS = YES;
				GCC_WARN_64_TO_32_BIT_CONVERSION = YES;
				GCC_WARN_ABOUT_RETURN_TYPE = YES_ERROR;
				GCC_WARN_UNDECLARED_SELECTOR = YES;
				GCC_WARN_UNINITIALIZED_AUTOS = YES_AGGRESSIVE;
				GCC_WARN_UNUSED_FUNCTION = YES;
				GCC_WARN_UNUSED_VARIABLE = YES;
				IPHONEOS_DEPLOYMENT_TARGET = 16.4;
				MTL_ENABLE_DEBUG_INFO = NO;
				MTL_FAST_MATH = YES;
				SDKROOT = iphoneos;
				SWIFT_COMPILATION_MODE = wholemodule;
				SWIFT_OPTIMIZATION_LEVEL = "-O";
				VALIDATE_PRODUCT = YES;
			};
			name = Release;
		};
		CF3DDC0729DD934A00501158 /* Debug */ = {
			isa = XCBuildConfiguration;
			baseConfigurationReference = DDD4A31BFCF2096DFD6F9AB1 /* Pods-combineRx.debug.xcconfig */;
			buildSettings = {
				ASSETCATALOG_COMPILER_APPICON_NAME = AppIcon;
				ASSETCATALOG_COMPILER_GLOBAL_ACCENT_COLOR_NAME = AccentColor;
				CODE_SIGN_ENTITLEMENTS = combineRx/combineRx.entitlements;
				CODE_SIGN_STYLE = Automatic;
				CURRENT_PROJECT_VERSION = 1;
				DEVELOPMENT_ASSET_PATHS = "\"combineRx/Preview Content\"";
				DEVELOPMENT_TEAM = VNU8KKW4GG;
				ENABLE_PREVIEWS = YES;
				GENERATE_INFOPLIST_FILE = YES;
				INFOPLIST_KEY_UIApplicationSceneManifest_Generation = YES;
				INFOPLIST_KEY_UIApplicationSupportsIndirectInputEvents = YES;
				INFOPLIST_KEY_UILaunchScreen_Generation = YES;
				INFOPLIST_KEY_UISupportedInterfaceOrientations = UIInterfaceOrientationPortrait;
				INFOPLIST_KEY_UISupportedInterfaceOrientations_iPad = "UIInterfaceOrientationLandscapeLeft UIInterfaceOrientationLandscapeRight UIInterfaceOrientationPortrait UIInterfaceOrientationPortraitUpsideDown";
				LD_RUNPATH_SEARCH_PATHS = (
					"$(inherited)",
					"@executable_path/Frameworks",
				);
				MARKETING_VERSION = 1.0;
				PRODUCT_BUNDLE_IDENTIFIER = ua.edu.ukma.onishchenko.combineRx;
				PRODUCT_NAME = "$(TARGET_NAME)";
				SWIFT_EMIT_LOC_STRINGS = YES;
				SWIFT_VERSION = 5.0;
				TARGETED_DEVICE_FAMILY = "1,2";
			};
			name = Debug;
		};
		CF3DDC0829DD934A00501158 /* Release */ = {
			isa = XCBuildConfiguration;
			baseConfigurationReference = C434B6CEED9D5F9545C89B09 /* Pods-combineRx.release.xcconfig */;
			buildSettings = {
				ASSETCATALOG_COMPILER_APPICON_NAME = AppIcon;
				ASSETCATALOG_COMPILER_GLOBAL_ACCENT_COLOR_NAME = AccentColor;
				CODE_SIGN_ENTITLEMENTS = combineRx/combineRx.entitlements;
				CODE_SIGN_STYLE = Automatic;
				CURRENT_PROJECT_VERSION = 1;
				DEVELOPMENT_ASSET_PATHS = "\"combineRx/Preview Content\"";
				DEVELOPMENT_TEAM = VNU8KKW4GG;
				ENABLE_PREVIEWS = YES;
				GENERATE_INFOPLIST_FILE = YES;
				INFOPLIST_KEY_UIApplicationSceneManifest_Generation = YES;
				INFOPLIST_KEY_UIApplicationSupportsIndirectInputEvents = YES;
				INFOPLIST_KEY_UILaunchScreen_Generation = YES;
				INFOPLIST_KEY_UISupportedInterfaceOrientations = UIInterfaceOrientationPortrait;
				INFOPLIST_KEY_UISupportedInterfaceOrientations_iPad = "UIInterfaceOrientationLandscapeLeft UIInterfaceOrientationLandscapeRight UIInterfaceOrientationPortrait UIInterfaceOrientationPortraitUpsideDown";
				LD_RUNPATH_SEARCH_PATHS = (
					"$(inherited)",
					"@executable_path/Frameworks",
				);
				MARKETING_VERSION = 1.0;
				PRODUCT_BUNDLE_IDENTIFIER = ua.edu.ukma.onishchenko.combineRx;
				PRODUCT_NAME = "$(TARGET_NAME)";
				SWIFT_EMIT_LOC_STRINGS = YES;
				SWIFT_VERSION = 5.0;
				TARGETED_DEVICE_FAMILY = "1,2";
			};
			name = Release;
		};
/* End XCBuildConfiguration section */

/* Begin XCConfigurationList section */
		CF3DDBF329DD934900501158 /* Build configuration list for PBXProject "combineRx" */ = {
			isa = XCConfigurationList;
			buildConfigurations = (
				CF3DDC0429DD934A00501158 /* Debug */,
				CF3DDC0529DD934A00501158 /* Release */,
			);
			defaultConfigurationIsVisible = 0;
			defaultConfigurationName = Release;
		};
		CF3DDC0629DD934A00501158 /* Build configuration list for PBXNativeTarget "combineRx" */ = {
			isa = XCConfigurationList;
			buildConfigurations = (
				CF3DDC0729DD934A00501158 /* Debug */,
				CF3DDC0829DD934A00501158 /* Release */,
			);
			defaultConfigurationIsVisible = 0;
			defaultConfigurationName = Release;
		};
/* End XCConfigurationList section */
	};
	rootObject = CF3DDBF029DD934900501158 /* Project object */;
}
